
Microsoft Visual Studio Solution File, Format Version 12.00
# Visual Studio Version 17
VisualStudioVersion = 17.3.32929.385
MinimumVisualStudioVersion = 10.0.40219.1
Project("{2150E333-8FDC-42A3-9474-1A3956D46DE8}") = "FanoutExchange", "FanoutExchange", "{930435A5-93C2-49C9-83CD-D79F2AE6C44B}"
EndProject
Project("{9A19103F-16F7-4668-BE54-9A1E7A4F7556}") = "RabbitMQProject.Publisher", "FanoutExchangeProject\RabbitMQProject.Publisher\RabbitMQProject.Publisher.csproj", "{D0D919F2-6FA3-44CD-AD43-41E91BEE4803}"
EndProject
Project("{9A19103F-16F7-4668-BE54-9A1E7A4F7556}") = "RabbitMQProject.Consumer", "FanoutExchangeProject\RabbitMQProject.Consumer\RabbitMQProject.Consumer.csproj", "{AA9730AE-AC24-46B8-9209-1C71A47DF210}"
EndProject
Project("{2150E333-8FDC-42A3-9474-1A3956D46DE8}") = "DirectExchange", "DirectExchange", "{0B64AC0E-F952-4399-98F3-021418E6B5F1}"
EndProject
Project("{9A19103F-16F7-4668-BE54-9A1E7A4F7556}") = "RabbitMQProject.Publisher", "DirectExchangeProject\RabbitMQProject.Publisher\RabbitMQProject.Publisher.csproj", "{A3CED586-5C2A-459C-8E8C-5E4C76D4BF91}"
EndProject
Project("{9A19103F-16F7-4668-BE54-9A1E7A4F7556}") = "RabbitMQProject.Consumer", "DirectExchangeProject\RabbitMQProject.Consumer\RabbitMQProject.Consumer.csproj", "{D9A6E3B2-B2E0-45C8-A0A3-9BE88F8DAF1B}"
EndProject
Project("{2150E333-8FDC-42A3-9474-1A3956D46DE8}") = "TopicExchange", "TopicExchange", "{562CDAB2-63EA-463F-8868-7147CDBB3473}"
EndProject
Project("{9A19103F-16F7-4668-BE54-9A1E7A4F7556}") = "RabbitMQProject.Consumer", "TopicExchange\RabbitMQProject.Consumer\RabbitMQProject.Consumer.csproj", "{020990C4-09E4-444D-A235-8634E5C46EDE}"
EndProject
Project("{9A19103F-16F7-4668-BE54-9A1E7A4F7556}") = "RabbitMQProject.Publisher", "TopicExchange\RabbitMQProject.Publisher\RabbitMQProject.Publisher.csproj", "{71F40C43-303F-4418-A9CD-6B3F2CAB4BF2}"
EndProject
Project("{2150E333-8FDC-42A3-9474-1A3956D46DE8}") = "HeaderExchange", "HeaderExchange", "{A60F6BB7-2788-4723-B0EA-F0E4B53BA438}"
EndProject
Project("{9A19103F-16F7-4668-BE54-9A1E7A4F7556}") = "RabbitMQProject.Consumer", "HeaderExchange\RabbitMQProject.Consumer\RabbitMQProject.Consumer.csproj", "{F65CBFB5-D065-4641-B71E-C7D277D778E7}"
EndProject
Project("{9A19103F-16F7-4668-BE54-9A1E7A4F7556}") = "RabbitMQProject.Publisher", "HeaderExchange\RabbitMQProject.Publisher\RabbitMQProject.Publisher.csproj", "{CD994395-ECAE-45EF-869A-04680D6EF5E9}"
EndProject
Project("{2150E333-8FDC-42A3-9474-1A3956D46DE8}") = "Shared", "Shared", "{06CDE1E5-5321-4A8A-9EA9-0C32DEEA997B}"
EndProject
Project("{9A19103F-16F7-4668-BE54-9A1E7A4F7556}") = "Shared", "Shared\Shared\Shared.csproj", "{2D863228-FA12-487E-B7AD-758E14411D9A}"
EndProject
Project("{2150E333-8FDC-42A3-9474-1A3956D46DE8}") = "Watermark", "Watermark", "{D2050AFB-CF1F-4301-A8A9-F073DB2F243D}"
EndProject
Project("{9A19103F-16F7-4668-BE54-9A1E7A4F7556}") = "RabbitMQProjects.WatermarkApp", "RabbitMQProjects.WatermarkApp\RabbitMQProjects.WatermarkApp\RabbitMQProjects.WatermarkApp.csproj", "{BD28D800-128E-4E29-BF71-3F1B1D4F55DB}"
EndProject
Project("{2150E333-8FDC-42A3-9474-1A3956D46DE8}") = "Excel", "Excel", "{9BFB0BA2-7273-431E-B1FC-5AC4395BF0A0}"
EndProject
Project("{9A19103F-16F7-4668-BE54-9A1E7A4F7556}") = "RabbitMQProjects.ExcelCreateApp", "RabbitMQProjects.ExcelApp\RabbitMQProjects.ExcelCreateApp\RabbitMQProjects.ExcelCreateApp.csproj", "{DD3471E3-1634-4C71-A215-A25BD9E38A37}"
EndProject
Project("{2150E333-8FDC-42A3-9474-1A3956D46DE8}") = "WorkerServices", "WorkerServices", "{C6F6CA88-A1CB-4EB1-8F9B-0B8D9401654A}"
EndProject
Project("{9A19103F-16F7-4668-BE54-9A1E7A4F7556}") = "FileCreateWorkerService", "WorkerServices\FileCreateWorkerService\FileCreateWorkerService.csproj", "{5019F9DE-2FB6-42F9-9C72-8E1A7BDD6110}"
EndProject
Project("{2150E333-8FDC-42A3-9474-1A3956D46DE8}") = "WordToPdf", "WordToPdf", "{1B81BF4B-2B4E-475D-B2E1-125750262728}"
EndProject
Project("{9A19103F-16F7-4668-BE54-9A1E7A4F7556}") = "WordToPdf.Producer", "RabbitMQProjects.WordToPdfApp\WordToPdf.Producer\WordToPdf.Producer.csproj", "{0FD2A415-C8D6-47BF-8B0B-996A44FC7F14}"
EndProject
Project("{9A19103F-16F7-4668-BE54-9A1E7A4F7556}") = "WordToPdf.Consumer", "RabbitMQProjects.WordToPdfApp\WordToPdf.Consumer\WordToPdf.Consumer.csproj", "{F7CC4473-6F83-4182-A6C3-95E176775D07}"
EndProject
Project("{2150E333-8FDC-42A3-9474-1A3956D46DE8}") = "WordToZip", "WordToZip", "{5189195A-4A30-49C0-86F2-DFD470C0F92F}"
EndProject
Project("{9A19103F-16F7-4668-BE54-9A1E7A4F7556}") = "WordToZip.Producer", "RabbitMQProjects.WordToZipApp\WordToZip.Producer\WordToZip.Producer.csproj", "{3D90114B-921D-4224-B21B-617D2D1D6348}"
EndProject
Project("{FAE04EC0-301F-11D3-BF4B-00C04F79EFBC}") = "WordToZip.Consumer", "RabbitMQProjects.WordToZipApp\WordToZip.Consumer\WordToZip.Consumer.csproj", "{0EC58962-11AD-43A0-A40E-245E6E96E1F9}"
EndProject
Global
	GlobalSection(SolutionConfigurationPlatforms) = preSolution
		Debug|Any CPU = Debug|Any CPU
		Release|Any CPU = Release|Any CPU
	EndGlobalSection
	GlobalSection(ProjectConfigurationPlatforms) = postSolution
		{D0D919F2-6FA3-44CD-AD43-41E91BEE4803}.Debug|Any CPU.ActiveCfg = Debug|Any CPU
		{D0D919F2-6FA3-44CD-AD43-41E91BEE4803}.Debug|Any CPU.Build.0 = Debug|Any CPU
		{D0D919F2-6FA3-44CD-AD43-41E91BEE4803}.Release|Any CPU.ActiveCfg = Release|Any CPU
		{D0D919F2-6FA3-44CD-AD43-41E91BEE4803}.Release|Any CPU.Build.0 = Release|Any CPU
		{AA9730AE-AC24-46B8-9209-1C71A47DF210}.Debug|Any CPU.ActiveCfg = Debug|Any CPU
		{AA9730AE-AC24-46B8-9209-1C71A47DF210}.Debug|Any CPU.Build.0 = Debug|Any CPU
		{AA9730AE-AC24-46B8-9209-1C71A47DF210}.Release|Any CPU.ActiveCfg = Release|Any CPU
		{AA9730AE-AC24-46B8-9209-1C71A47DF210}.Release|Any CPU.Build.0 = Release|Any CPU
		{A3CED586-5C2A-459C-8E8C-5E4C76D4BF91}.Debug|Any CPU.ActiveCfg = Debug|Any CPU
		{A3CED586-5C2A-459C-8E8C-5E4C76D4BF91}.Debug|Any CPU.Build.0 = Debug|Any CPU
		{A3CED586-5C2A-459C-8E8C-5E4C76D4BF91}.Release|Any CPU.ActiveCfg = Release|Any CPU
		{A3CED586-5C2A-459C-8E8C-5E4C76D4BF91}.Release|Any CPU.Build.0 = Release|Any CPU
		{D9A6E3B2-B2E0-45C8-A0A3-9BE88F8DAF1B}.Debug|Any CPU.ActiveCfg = Debug|Any CPU
		{D9A6E3B2-B2E0-45C8-A0A3-9BE88F8DAF1B}.Debug|Any CPU.Build.0 = Debug|Any CPU
		{D9A6E3B2-B2E0-45C8-A0A3-9BE88F8DAF1B}.Release|Any CPU.ActiveCfg = Release|Any CPU
		{D9A6E3B2-B2E0-45C8-A0A3-9BE88F8DAF1B}.Release|Any CPU.Build.0 = Release|Any CPU
		{020990C4-09E4-444D-A235-8634E5C46EDE}.Debug|Any CPU.ActiveCfg = Debug|Any CPU
		{020990C4-09E4-444D-A235-8634E5C46EDE}.Debug|Any CPU.Build.0 = Debug|Any CPU
		{020990C4-09E4-444D-A235-8634E5C46EDE}.Release|Any CPU.ActiveCfg = Release|Any CPU
		{020990C4-09E4-444D-A235-8634E5C46EDE}.Release|Any CPU.Build.0 = Release|Any CPU
		{71F40C43-303F-4418-A9CD-6B3F2CAB4BF2}.Debug|Any CPU.ActiveCfg = Debug|Any CPU
		{71F40C43-303F-4418-A9CD-6B3F2CAB4BF2}.Debug|Any CPU.Build.0 = Debug|Any CPU
		{71F40C43-303F-4418-A9CD-6B3F2CAB4BF2}.Release|Any CPU.ActiveCfg = Release|Any CPU
		{71F40C43-303F-4418-A9CD-6B3F2CAB4BF2}.Release|Any CPU.Build.0 = Release|Any CPU
		{F65CBFB5-D065-4641-B71E-C7D277D778E7}.Debug|Any CPU.ActiveCfg = Debug|Any CPU
		{F65CBFB5-D065-4641-B71E-C7D277D778E7}.Debug|Any CPU.Build.0 = Debug|Any CPU
		{F65CBFB5-D065-4641-B71E-C7D277D778E7}.Release|Any CPU.ActiveCfg = Release|Any CPU
		{F65CBFB5-D065-4641-B71E-C7D277D778E7}.Release|Any CPU.Build.0 = Release|Any CPU
		{CD994395-ECAE-45EF-869A-04680D6EF5E9}.Debug|Any CPU.ActiveCfg = Debug|Any CPU
		{CD994395-ECAE-45EF-869A-04680D6EF5E9}.Debug|Any CPU.Build.0 = Debug|Any CPU
		{CD994395-ECAE-45EF-869A-04680D6EF5E9}.Release|Any CPU.ActiveCfg = Release|Any CPU
		{CD994395-ECAE-45EF-869A-04680D6EF5E9}.Release|Any CPU.Build.0 = Release|Any CPU
		{2D863228-FA12-487E-B7AD-758E14411D9A}.Debug|Any CPU.ActiveCfg = Debug|Any CPU
		{2D863228-FA12-487E-B7AD-758E14411D9A}.Debug|Any CPU.Build.0 = Debug|Any CPU
		{2D863228-FA12-487E-B7AD-758E14411D9A}.Release|Any CPU.ActiveCfg = Release|Any CPU
		{2D863228-FA12-487E-B7AD-758E14411D9A}.Release|Any CPU.Build.0 = Release|Any CPU
		{BD28D800-128E-4E29-BF71-3F1B1D4F55DB}.Debug|Any CPU.ActiveCfg = Debug|Any CPU
		{BD28D800-128E-4E29-BF71-3F1B1D4F55DB}.Debug|Any CPU.Build.0 = Debug|Any CPU
		{BD28D800-128E-4E29-BF71-3F1B1D4F55DB}.Release|Any CPU.ActiveCfg = Release|Any CPU
		{BD28D800-128E-4E29-BF71-3F1B1D4F55DB}.Release|Any CPU.Build.0 = Release|Any CPU
		{DD3471E3-1634-4C71-A215-A25BD9E38A37}.Debug|Any CPU.ActiveCfg = Debug|Any CPU
		{DD3471E3-1634-4C71-A215-A25BD9E38A37}.Debug|Any CPU.Build.0 = Debug|Any CPU
		{DD3471E3-1634-4C71-A215-A25BD9E38A37}.Release|Any CPU.ActiveCfg = Release|Any CPU
		{DD3471E3-1634-4C71-A215-A25BD9E38A37}.Release|Any CPU.Build.0 = Release|Any CPU
		{5019F9DE-2FB6-42F9-9C72-8E1A7BDD6110}.Debug|Any CPU.ActiveCfg = Debug|Any CPU
		{5019F9DE-2FB6-42F9-9C72-8E1A7BDD6110}.Debug|Any CPU.Build.0 = Debug|Any CPU
		{5019F9DE-2FB6-42F9-9C72-8E1A7BDD6110}.Release|Any CPU.ActiveCfg = Release|Any CPU
		{5019F9DE-2FB6-42F9-9C72-8E1A7BDD6110}.Release|Any CPU.Build.0 = Release|Any CPU
		{0FD2A415-C8D6-47BF-8B0B-996A44FC7F14}.Debug|Any CPU.ActiveCfg = Debug|Any CPU
		{0FD2A415-C8D6-47BF-8B0B-996A44FC7F14}.Debug|Any CPU.Build.0 = Debug|Any CPU
		{0FD2A415-C8D6-47BF-8B0B-996A44FC7F14}.Release|Any CPU.ActiveCfg = Release|Any CPU
		{0FD2A415-C8D6-47BF-8B0B-996A44FC7F14}.Release|Any CPU.Build.0 = Release|Any CPU
		{F7CC4473-6F83-4182-A6C3-95E176775D07}.Debug|Any CPU.ActiveCfg = Debug|Any CPU
		{F7CC4473-6F83-4182-A6C3-95E176775D07}.Debug|Any CPU.Build.0 = Debug|Any CPU
		{F7CC4473-6F83-4182-A6C3-95E176775D07}.Release|Any CPU.ActiveCfg = Release|Any CPU
		{F7CC4473-6F83-4182-A6C3-95E176775D07}.Release|Any CPU.Build.0 = Release|Any CPU
		{3D90114B-921D-4224-B21B-617D2D1D6348}.Debug|Any CPU.ActiveCfg = Debug|Any CPU
		{3D90114B-921D-4224-B21B-617D2D1D6348}.Debug|Any CPU.Build.0 = Debug|Any CPU
		{3D90114B-921D-4224-B21B-617D2D1D6348}.Release|Any CPU.ActiveCfg = Release|Any CPU
		{3D90114B-921D-4224-B21B-617D2D1D6348}.Release|Any CPU.Build.0 = Release|Any CPU
		{0EC58962-11AD-43A0-A40E-245E6E96E1F9}.Debug|Any CPU.ActiveCfg = Debug|Any CPU
		{0EC58962-11AD-43A0-A40E-245E6E96E1F9}.Debug|Any CPU.Build.0 = Debug|Any CPU
		{0EC58962-11AD-43A0-A40E-245E6E96E1F9}.Release|Any CPU.ActiveCfg = Release|Any CPU
		{0EC58962-11AD-43A0-A40E-245E6E96E1F9}.Release|Any CPU.Build.0 = Release|Any CPU
	EndGlobalSection
	GlobalSection(SolutionProperties) = preSolution
		HideSolutionNode = FALSE
	EndGlobalSection
	GlobalSection(NestedProjects) = preSolution
		{D0D919F2-6FA3-44CD-AD43-41E91BEE4803} = {930435A5-93C2-49C9-83CD-D79F2AE6C44B}
		{AA9730AE-AC24-46B8-9209-1C71A47DF210} = {930435A5-93C2-49C9-83CD-D79F2AE6C44B}
		{A3CED586-5C2A-459C-8E8C-5E4C76D4BF91} = {0B64AC0E-F952-4399-98F3-021418E6B5F1}
		{D9A6E3B2-B2E0-45C8-A0A3-9BE88F8DAF1B} = {0B64AC0E-F952-4399-98F3-021418E6B5F1}
		{020990C4-09E4-444D-A235-8634E5C46EDE} = {562CDAB2-63EA-463F-8868-7147CDBB3473}
		{71F40C43-303F-4418-A9CD-6B3F2CAB4BF2} = {562CDAB2-63EA-463F-8868-7147CDBB3473}
		{F65CBFB5-D065-4641-B71E-C7D277D778E7} = {A60F6BB7-2788-4723-B0EA-F0E4B53BA438}
		{CD994395-ECAE-45EF-869A-04680D6EF5E9} = {A60F6BB7-2788-4723-B0EA-F0E4B53BA438}
		{2D863228-FA12-487E-B7AD-758E14411D9A} = {06CDE1E5-5321-4A8A-9EA9-0C32DEEA997B}
		{BD28D800-128E-4E29-BF71-3F1B1D4F55DB} = {D2050AFB-CF1F-4301-A8A9-F073DB2F243D}
		{DD3471E3-1634-4C71-A215-A25BD9E38A37} = {9BFB0BA2-7273-431E-B1FC-5AC4395BF0A0}
		{5019F9DE-2FB6-42F9-9C72-8E1A7BDD6110} = {C6F6CA88-A1CB-4EB1-8F9B-0B8D9401654A}
		{0FD2A415-C8D6-47BF-8B0B-996A44FC7F14} = {1B81BF4B-2B4E-475D-B2E1-125750262728}
		{F7CC4473-6F83-4182-A6C3-95E176775D07} = {1B81BF4B-2B4E-475D-B2E1-125750262728}
		{3D90114B-921D-4224-B21B-617D2D1D6348} = {5189195A-4A30-49C0-86F2-DFD470C0F92F}
		{0EC58962-11AD-43A0-A40E-245E6E96E1F9} = {5189195A-4A30-49C0-86F2-DFD470C0F92F}
	EndGlobalSection
	GlobalSection(ExtensibilityGlobals) = postSolution
		SolutionGuid = {F897B723-F4D2-48E4-A01F-3CB15BFAFBEF}
	EndGlobalSection
EndGlobal
